
Microsoft Visual Studio Solution File, Format Version 12.00
# Visual Studio Version 17
VisualStudioVersion = 17.7.34031.279
MinimumVisualStudioVersion = 10.0.40219.1
Project("{FAE04EC0-301F-11D3-BF4B-00C04F79EFBC}") = "SUT23-Generics-Labb1", "SUT23-Generics-Labb1\SUT23-Generics-Labb1.csproj", "{3328F80B-1019-49EB-9729-40E47C5BB394}"
EndProject
Global
	GlobalSection(SolutionConfigurationPlatforms) = preSolution
		Debug|Any CPU = Debug|Any CPU
		Release|Any CPU = Release|Any CPU
	EndGlobalSection
	GlobalSection(ProjectConfigurationPlatforms) = postSolution
		{3328F80B-1019-49EB-9729-40E47C5BB394}.Debug|Any CPU.ActiveCfg = Debug|Any CPU
		{3328F80B-1019-49EB-9729-40E47C5BB394}.Debug|Any CPU.Build.0 = Debug|Any CPU
		{3328F80B-1019-49EB-9729-40E47C5BB394}.Release|Any CPU.ActiveCfg = Release|Any CPU
		{3328F80B-1019-49EB-9729-40E47C5BB394}.Release|Any CPU.Build.0 = Release|Any CPU
	EndGlobalSection
	GlobalSection(SolutionProperties) = preSolution
		HideSolutionNode = FALSE
	EndGlobalSection
	GlobalSection(ExtensibilityGlobals) = postSolution
		SolutionGuid = {9FF8D1E8-8D1D-48AE-A434-2B89A9DB1E80}
	EndGlobalSection
EndGlobal
